Microsoft Visual Studio Solution File, Format Version 12.00
# Visual Studio Version 17
VisualStudioVersion = 17.5.2.0
MinimumVisualStudioVersion = 10.0.40219.1
Project("{FAE04EC0-301F-11D3-BF4B-00C04F79EFBC}") = "PokerHands", "PokerHands\PokerHands.csproj", "{8AA69FCA-C439-3909-77EC-0AD6A15BA1D0}"
EndProject
Project("{FAE04EC0-301F-11D3-BF4B-00C04F79EFBC}") = "PokerHands.Tests", "PokerHands.Tests\PokerHands.Tests.csproj", "{9C443851-BA07-4236-8F00-F5DA18CEEFF6}"
EndProject
Project("{FAE04EC0-301F-11D3-BF4B-00C04F79EFBC}") = "PokerHands.Verify", "PokerHands.Verify\PokerHands.Verify.csproj", "{D8122981-177C-4264-9355-CF10E4E3708E}"
EndProject
Global
	GlobalSection(SolutionConfigurationPlatforms) = preSolution
		Debug|Any CPU = Debug|Any CPU
		Release|Any CPU = Release|Any CPU
	EndGlobalSection
	GlobalSection(ProjectConfigurationPlatforms) = postSolution
		{8AA69FCA-C439-3909-77EC-0AD6A15BA1D0}.Debug|Any CPU.ActiveCfg = Debug|Any CPU
		{8AA69FCA-C439-3909-77EC-0AD6A15BA1D0}.Debug|Any CPU.Build.0 = Debug|Any CPU
		{8AA69FCA-C439-3909-77EC-0AD6A15BA1D0}.Release|Any CPU.ActiveCfg = Release|Any CPU
		{8AA69FCA-C439-3909-77EC-0AD6A15BA1D0}.Release|Any CPU.Build.0 = Release|Any CPU
		{9C443851-BA07-4236-8F00-F5DA18CEEFF6}.Debug|Any CPU.ActiveCfg = Debug|Any CPU
		{9C443851-BA07-4236-8F00-F5DA18CEEFF6}.Debug|Any CPU.Build.0 = Debug|Any CPU
		{9C443851-BA07-4236-8F00-F5DA18CEEFF6}.Release|Any CPU.ActiveCfg = Release|Any CPU
		{9C443851-BA07-4236-8F00-F5DA18CEEFF6}.Release|Any CPU.Build.0 = Release|Any CPU
		{D8122981-177C-4264-9355-CF10E4E3708E}.Debug|Any CPU.ActiveCfg = Debug|Any CPU
		{D8122981-177C-4264-9355-CF10E4E3708E}.Debug|Any CPU.Build.0 = Debug|Any CPU
		{D8122981-177C-4264-9355-CF10E4E3708E}.Release|Any CPU.ActiveCfg = Release|Any CPU
		{D8122981-177C-4264-9355-CF10E4E3708E}.Release|Any CPU.Build.0 = Release|Any CPU
	EndGlobalSection
	GlobalSection(SolutionProperties) = preSolution
		HideSolutionNode = FALSE
	EndGlobalSection
	GlobalSection(ExtensibilityGlobals) = postSolution
		SolutionGuid = {2E081C7B-9A06-4F3C-ACDE-4AF0C191D487}
	EndGlobalSection
EndGlobal
